// !$*UTF8*$!
{
	archiveVersion = 1;
	classes = {
	};
	objectVersion = 46;
	objects = {

/* Begin PBXBuildFile section */
		B11ABE6E1B90D82700E36B85 /* Count.m in Sources */ = {isa = PBXBuildFile; fileRef = B11ABE6D1B90D82700E36B85 /* Count.m */; };
		B1B621351B90C51900E91563 /* main.m in Sources */ = {isa = PBXBuildFile; fileRef = B1B621341B90C51900E91563 /* main.m */; };
		B1B621381B90C51900E91563 /* AppDelegate.m in Sources */ = {isa = PBXBuildFile; fileRef = B1B621371B90C51900E91563 /* AppDelegate.m */; };
		B1B6213B1B90C51900E91563 /* CountViewController.m in Sources */ = {isa = PBXBuildFile; fileRef = B1B6213A1B90C51900E91563 /* CountViewController.m */; };
		B1B6213E1B90C51900E91563 /* Main.storyboard in Resources */ = {isa = PBXBuildFile; fileRef = B1B6213C1B90C51900E91563 /* Main.storyboard */; };
		B1B621401B90C51900E91563 /* Assets.xcassets in Resources */ = {isa = PBXBuildFile; fileRef = B1B6213F1B90C51900E91563 /* Assets.xcassets */; };
		B1B621431B90C51900E91563 /* LaunchScreen.storyboard in Resources */ = {isa = PBXBuildFile; fileRef = B1B621411B90C51900E91563 /* LaunchScreen.storyboard */; };
		B1D20F0C1B90DC7C0073B823 /* TabBarController.m in Sources */ = {isa = PBXBuildFile; fileRef = B1D20F0B1B90DC7C0073B823 /* TabBarController.m */; };
		B1D20F0F1B90DFE20073B823 /* HistoryViewController.m in Sources */ = {isa = PBXBuildFile; fileRef = B1D20F0E1B90DFE20073B823 /* HistoryViewController.m */; };
/* End PBXBuildFile section */

/* Begin PBXFileReference section */
		B11ABE6C1B90D82700E36B85 /* Count.h */ = {isa = PBXFileReference; fileEncoding = 4; lastKnownFileType = sourcecode.c.h; path = Count.h; sourceTree = "<group>"; };
		B11ABE6D1B90D82700E36B85 /* Count.m */ = {isa = PBXFileReference; fileEncoding = 4; lastKnownFileType = sourcecode.c.objc; path = Count.m; sourceTree = "<group>"; };
		B1B621301B90C51900E91563 /* Contador.app */ = {isa = PBXFileReference; explicitFileType = wrapper.application; includeInIndex = 0; path = Contador.app; sourceTree = BUILT_PRODUCTS_DIR; };
		B1B621341B90C51900E91563 /* main.m */ = {isa = PBXFileReference; lastKnownFileType = sourcecode.c.objc; path = main.m; sourceTree = "<group>"; };
		B1B621361B90C51900E91563 /* AppDelegate.h */ = {isa = PBXFileReference; lastKnownFileType = sourcecode.c.h; path = AppDelegate.h; sourceTree = "<group>"; };
		B1B621371B90C51900E91563 /* AppDelegate.m */ = {isa = PBXFileReference; lastKnownFileType = sourcecode.c.objc; path = AppDelegate.m; sourceTree = "<group>"; };
		B1B621391B90C51900E91563 /* CountViewController.h */ = {isa = PBXFileReference; lastKnownFileType = sourcecode.c.h; path = CountViewController.h; sourceTree = "<group>"; };
		B1B6213A1B90C51900E91563 /* CountViewController.m */ = {isa = PBXFileReference; lastKnownFileType = sourcecode.c.objc; path = CountViewController.m; sourceTree = "<group>"; };
		B1B6213D1B90C51900E91563 /* Base */ = {isa = PBXFileReference; lastKnownFileType = file.storyboard; name = Base; path = Base.lproj/Main.storyboard; sourceTree = "<group>"; };
		B1B6213F1B90C51900E91563 /* Assets.xcassets */ = {isa = PBXFileReference; lastKnownFileType = folder.assetcatalog; path = Assets.xcassets; sourceTree = "<group>"; };
		B1B621421B90C51900E91563 /* Base */ = {isa = PBXFileReference; lastKnownFileType = file.storyboard; name = Base; path = Base.lproj/LaunchScreen.storyboard; sourceTree = "<group>"; };
		B1B621441B90C51900E91563 /* Info.plist */ = {isa = PBXFileReference; lastKnownFileType = text.plist.xml; path = Info.plist; sourceTree = "<group>"; };
		B1B6214B1B90C79A00E91563 /* Contador.psd */ = {isa = PBXFileReference; lastKnownFileType = file; path = Contador.psd; sourceTree = "<group>"; };
		B1D20F0A1B90DC7C0073B823 /* TabBarController.h */ = {isa = PBXFileReference; fileEncoding = 4; lastKnownFileType = sourcecode.c.h; path = TabBarController.h; sourceTree = "<group>"; };
		B1D20F0B1B90DC7C0073B823 /* TabBarController.m */ = {isa = PBXFileReference; fileEncoding = 4; lastKnownFileType = sourcecode.c.objc; path = TabBarController.m; sourceTree = "<group>"; };
		B1D20F0D1B90DFE20073B823 /* HistoryViewController.h */ = {isa = PBXFileReference; fileEncoding = 4; lastKnownFileType = sourcecode.c.h; path = HistoryViewController.h; sourceTree = "<group>"; };
		B1D20F0E1B90DFE20073B823 /* HistoryViewController.m */ = {isa = PBXFileReference; fileEncoding = 4; lastKnownFileType = sourcecode.c.objc; path = HistoryViewController.m; sourceTree = "<group>"; };
/* End PBXFileReference section */

/* Begin PBXFrameworksBuildPhase section */
		B1B6212D1B90C51900E91563 /* Frameworks */ = {
			isa = PBXFrameworksBuildPhase;
			buildActionMask = 2147483647;
			files = (
			);
			runOnlyForDeploymentPostprocessing = 0;
		};
/* End PBXFrameworksBuildPhase section */

/* Begin PBXGroup section */
		B12A288C1B90EFF300F1A2DC /* Internal */ = {
			isa = PBXGroup;
			children = (
				B11ABE6C1B90D82700E36B85 /* Count.h */,
				B11ABE6D1B90D82700E36B85 /* Count.m */,
			);
			name = Internal;
			sourceTree = "<group>";
		};
		B1B621271B90C51900E91563 = {
			isa = PBXGroup;
			children = (
				B1B6214A1B90C78C00E91563 /* Docs */,
				B1B621321B90C51900E91563 /* Contador */,
				B1B621311B90C51900E91563 /* Products */,
			);
			sourceTree = "<group>";
		};
		B1B621311B90C51900E91563 /* Products */ = {
			isa = PBXGroup;
			children = (
				B1B621301B90C51900E91563 /* Contador.app */,
			);
			name = Products;
			sourceTree = "<group>";
		};
		B1B621321B90C51900E91563 /* Contador */ = {
			isa = PBXGroup;
			children = (
				B12A288C1B90EFF300F1A2DC /* Internal */,
				B1B621361B90C51900E91563 /* AppDelegate.h */,
				B1B621371B90C51900E91563 /* AppDelegate.m */,
				B1D20F0A1B90DC7C0073B823 /* TabBarController.h */,
				B1D20F0B1B90DC7C0073B823 /* TabBarController.m */,
				B1B621391B90C51900E91563 /* CountViewController.h */,
				B1B6213A1B90C51900E91563 /* CountViewController.m */,
				B1D20F0D1B90DFE20073B823 /* HistoryViewController.h */,
				B1D20F0E1B90DFE20073B823 /* HistoryViewController.m */,
				B1B6213C1B90C51900E91563 /* Main.storyboard */,
				B1B6213F1B90C51900E91563 /* Assets.xcassets */,
				B1B621411B90C51900E91563 /* LaunchScreen.storyboard */,
				B1B621441B90C51900E91563 /* Info.plist */,
				B1B621331B90C51900E91563 /* Supporting Files */,
			);
			path = Contador;
			sourceTree = "<group>";
		};
		B1B621331B90C51900E91563 /* Supporting Files */ = {
			isa = PBXGroup;
			children = (
				B1B621341B90C51900E91563 /* main.m */,
			);
			name = "Supporting Files";
			sourceTree = "<group>";
		};
		B1B6214A1B90C78C00E91563 /* Docs */ = {
			isa = PBXGroup;
			children = (
				B1B6214B1B90C79A00E91563 /* Contador.psd */,
			);
			name = Docs;
			sourceTree = "<group>";
		};
/* End PBXGroup section */

/* Begin PBXNativeTarget section */
		B1B6212F1B90C51900E91563 /* Contador */ = {
			isa = PBXNativeTarget;
			buildConfigurationList = B1B621471B90C51900E91563 /* Build configuration list for PBXNativeTarget "Contador" */;
			buildPhases = (
				B1B6212C1B90C51900E91563 /* Sources */,
				B1B6212D1B90C51900E91563 /* Frameworks */,
				B1B6212E1B90C51900E91563 /* Resources */,
			);
			buildRules = (
			);
			dependencies = (
			);
			name = Contador;
			productName = Contador;
			productReference = B1B621301B90C51900E91563 /* Contador.app */;
			productType = "com.apple.product-type.application";
		};
/* End PBXNativeTarget section */

/* Begin PBXProject section */
		B1B621281B90C51900E91563 /* Project object */ = {
			isa = PBXProject;
			attributes = {
				LastUpgradeCheck = 0700;
				ORGANIZATIONNAME = "Teobaldo Mauro de Moura";
				TargetAttributes = {
					B1B6212F1B90C51900E91563 = {
						CreatedOnToolsVersion = 7.0;
						DevelopmentTeam = S5S8JD5V3E;
					};
				};
			};
			buildConfigurationList = B1B6212B1B90C51900E91563 /* Build configuration list for PBXProject "Contador" */;
			compatibilityVersion = "Xcode 3.2";
			developmentRegion = English;
			hasScannedForEncodings = 0;
			knownRegions = (
				en,
				Base,
			);
			mainGroup = B1B621271B90C51900E91563;
			productRefGroup = B1B621311B90C51900E91563 /* Products */;
			projectDirPath = "";
			projectRoot = "";
			targets = (
				B1B6212F1B90C51900E91563 /* Contador */,
			);
		};
/* End PBXProject section */

/* Begin PBXResourcesBuildPhase section */
		B1B6212E1B90C51900E91563 /* Resources */ = {
			isa = PBXResourcesBuildPhase;
			buildActionMask = 2147483647;
			files = (
				B1B621431B90C51900E91563 /* LaunchScreen.storyboard in Resources */,
				B1B621401B90C51900E91563 /* Assets.xcassets in Resources */,
				B1B6213E1B90C51900E91563 /* Main.storyboard in Resources */,
			);
			runOnlyForDeploymentPostprocessing = 0;
		};
/* End PBXResourcesBuildPhase section */

/* Begin PBXSourcesBuildPhase section */
		B1B6212C1B90C51900E91563 /* Sources */ = {
			isa = PBXSourcesBuildPhase;
			buildActionMask = 2147483647;
			files = (
				B1B6213B1B90C51900E91563 /* CountViewController.m in Sources */,
				B1B621381B90C51900E91563 /* AppDelegate.m in Sources */,
				B1D20F0C1B90DC7C0073B823 /* TabBarController.m in Sources */,
				B1B621351B90C51900E91563 /* main.m in Sources */,
				B11ABE6E1B90D82700E36B85 /* Count.m in Sources */,
				B1D20F0F1B90DFE20073B823 /* HistoryViewController.m in Sources */,
			);
			runOnlyForDeploymentPostprocessing = 0;
		};
/* End PBXSourcesBuildPhase section */

/* Begin PBXVariantGroup section */
		B1B6213C1B90C51900E91563 /* Main.storyboard */ = {
			isa = PBXVariantGroup;
			children = (
				B1B6213D1B90C51900E91563 /* Base */,
			);
			name = Main.storyboard;
			sourceTree = "<group>";
		};
		B1B621411B90C51900E91563 /* LaunchScreen.storyboard */ = {
			isa = PBXVariantGroup;
			children = (
				B1B621421B90C51900E91563 /* Base */,
			);
			name = LaunchScreen.storyboard;
			sourceTree = "<group>";
		};
/* End PBXVariantGroup section */

/* Begin XCBuildConfiguration section */
		B1B621451B90C51900E91563 /* Debug */ = {
			isa = XCBuildConfiguration;
			buildSettings = {
				ALWAYS_SEARCH_USER_PATHS = NO;
				CLANG_CXX_LANGUAGE_STANDARD = "gnu++0x";
				CLANG_CXX_LIBRARY = "libc++";
				CLANG_ENABLE_MODULES = YES;
				CLANG_ENABLE_OBJC_ARC = YES;
				CLANG_WARN_BOOL_CONVERSION = YES;
				CLANG_WARN_CONSTANT_CONVERSION = YES;
				CLANG_WARN_DIRECT_OBJC_ISA_USAGE = YES_ERROR;
				CLANG_WARN_EMPTY_BODY = YES;
				CLANG_WARN_ENUM_CONVERSION = YES;
				CLANG_WARN_INT_CONVERSION = YES;
				CLANG_WARN_OBJC_ROOT_CLASS = YES_ERROR;
				CLANG_WARN_UNREACHABLE_CODE = YES;
				CLANG_WARN__DUPLICATE_METHOD_MATCH = YES;
				"CODE_SIGN_IDENTITY[sdk=iphoneos*]" = "iPhone Developer";
				COPY_PHASE_STRIP = NO;
				DEBUG_INFORMATION_FORMAT = dwarf;
				ENABLE_STRICT_OBJC_MSGSEND = YES;
				ENABLE_TESTABILITY = YES;
				GCC_C_LANGUAGE_STANDARD = gnu99;
				GCC_DYNAMIC_NO_PIC = NO;
				GCC_NO_COMMON_BLOCKS = YES;
				GCC_OPTIMIZATION_LEVEL = 0;
				GCC_PREPROCESSOR_DEFINITIONS = (
					"DEBUG=1",
					"$(inherited)",
				);
				GCC_WARN_64_TO_32_BIT_CONVERSION = YES;
				GCC_WARN_ABOUT_RETURN_TYPE = YES_ERROR;
				GCC_WARN_UNDECLARED_SELECTOR = YES;
				GCC_WARN_UNINITIALIZED_AUTOS = YES_AGGRESSIVE;
				GCC_WARN_UNUSED_FUNCTION = YES;
				GCC_WARN_UNUSED_VARIABLE = YES;
				IPHONEOS_DEPLOYMENT_TARGET = 9.0;
				MTL_ENABLE_DEBUG_INFO = YES;
				ONLY_ACTIVE_ARCH = YES;
				SDKROOT = iphoneos;
			};
			name = Debug;
		};
		B1B621461B90C51900E91563 /* Release */ = {
			isa = XCBuildConfiguration;
			buildSettings = {
				ALWAYS_SEARCH_USER_PATHS = NO;
				CLANG_CXX_LANGUAGE_STANDARD = "gnu++0x";
				CLANG_CXX_LIBRARY = "libc++";
				CLANG_ENABLE_MODULES = YES;
				CLANG_ENABLE_OBJC_ARC = YES;
				CLANG_WARN_BOOL_CONVERSION = YES;
				CLANG_WARN_CONSTANT_CONVERSION = YES;
				CLANG_WARN_DIRECT_OBJC_ISA_USAGE = YES_ERROR;
				CLANG_WARN_EMPTY_BODY = YES;
				CLANG_WARN_ENUM_CONVERSION = YES;
				CLANG_WARN_INT_CONVERSION = YES;
				CLANG_WARN_OBJC_ROOT_CLASS = YES_ERROR;
				CLANG_WARN_UNREACHABLE_CODE = YES;
				CLANG_WARN__DUPLICATE_METHOD_MATCH = YES;
				"CODE_SIGN_IDENTITY[sdk=iphoneos*]" = "iPhone Developer";
				COPY_PHASE_STRIP = NO;
				DEBUG_INFORMATION_FORMAT = "dwarf-with-dsym";
				ENABLE_NS_ASSERTIONS = NO;
				ENABLE_STRICT_OBJC_MSGSEND = YES;
				GCC_C_LANGUAGE_STANDARD = gnu99;
				GCC_NO_COMMON_BLOCKS = YES;
				GCC_WARN_64_TO_32_BIT_CONVERSION = YES;
				GCC_WARN_ABOUT_RETURN_TYPE = YES_ERROR;
				GCC_WARN_UNDECLARED_SELECTOR = YES;
				GCC_WARN_UNINITIALIZED_AUTOS = YES_AGGRESSIVE;
				GCC_WARN_UNUSED_FUNCTION = YES;
				GCC_WARN_UNUSED_VARIABLE = YES;
				IPHONEOS_DEPLOYMENT_TARGET = 9.0;
				MTL_ENABLE_DEBUG_INFO = NO;
				SDKROOT = iphoneos;
				VALIDATE_PRODUCT = YES;
			};
			name = Release;
		};
		B1B621481B90C51900E91563 /* Debug */ = {
			isa = XCBuildConfiguration;
			buildSettings = {
				ASSETCATALOG_COMPILER_APPICON_NAME = AppIcon;
				INFOPLIST_FILE = Contador/Info.plist;
				LD_RUNPATH_SEARCH_PATHS = "$(inherited) @executable_path/Frameworks";
				PRODUCT_BUNDLE_IDENTIFIER = br.com.quaddro.Contador;
				PRODUCT_NAME = "$(TARGET_NAME)";
			};
			name = Debug;
		};
		B1B621491B90C51900E91563 /* Release */ = {
			isa = XCBuildConfiguration;
			buildSettings = {
				ASSETCATALOG_COMPILER_APPICON_NAME = AppIcon;
				INFOPLIST_FILE = Contador/Info.plist;
				LD_RUNPATH_SEARCH_PATHS = "$(inherited) @executable_path/Frameworks";
				PRODUCT_BUNDLE_IDENTIFIER = br.com.quaddro.Contador;
				PRODUCT_NAME = "$(TARGET_NAME)";
			};
			name = Release;
		};
/* End XCBuildConfiguration section */

/* Begin XCConfigurationList section */
		B1B6212B1B90C51900E91563 /* Build configuration list for PBXProject "Contador" */ = {
			isa = XCConfigurationList;
			buildConfigurations = (
				B1B621451B90C51900E91563 /* Debug */,
				B1B621461B90C51900E91563 /* Release */,
			);
			defaultConfigurationIsVisible = 0;
			defaultConfigurationName = Release;
		};
		B1B621471B90C51900E91563 /* Build configuration list for PBXNativeTarget "Contador" */ = {
			isa = XCConfigurationList;
			buildConfigurations = (
				B1B621481B90C51900E91563 /* Debug */,
				B1B621491B90C51900E91563 /* Release */,
			);
			defaultConfigurationIsVisible = 0;
			defaultConfigurationName = Release;
		};
/* End XCConfigurationList section */
	};
	rootObject = B1B621281B90C51900E91563 /* Project object */;
}
