// !$*UTF8*$!
{
	archiveVersion = 1;
	classes = {
	};
	objectVersion = 46;
	objects = {

/* Begin PBXBuildFile section */
		B16B8D941B90987300103062 /* main.m in Sources */ = {isa = PBXBuildFile; fileRef = B16B8D931B90987300103062 /* main.m */; };
		B16B8D971B90987300103062 /* AppDelegate.m in Sources */ = {isa = PBXBuildFile; fileRef = B16B8D961B90987300103062 /* AppDelegate.m */; };
		B16B8D9A1B90987300103062 /* ViewController.m in Sources */ = {isa = PBXBuildFile; fileRef = B16B8D991B90987300103062 /* ViewController.m */; };
		B16B8D9D1B90987300103062 /* Main.storyboard in Resources */ = {isa = PBXBuildFile; fileRef = B16B8D9B1B90987300103062 /* Main.storyboard */; };
		B16B8D9F1B90987300103062 /* Assets.xcassets in Resources */ = {isa = PBXBuildFile; fileRef = B16B8D9E1B90987300103062 /* Assets.xcassets */; };
		B16B8DA21B90987300103062 /* LaunchScreen.storyboard in Resources */ = {isa = PBXBuildFile; fileRef = B16B8DA01B90987300103062 /* LaunchScreen.storyboard */; };
/* End PBXBuildFile section */

/* Begin PBXFileReference section */
		B16B8D8F1B90987300103062 /* ListaContinentes.app */ = {isa = PBXFileReference; explicitFileType = wrapper.application; includeInIndex = 0; path = ListaContinentes.app; sourceTree = BUILT_PRODUCTS_DIR; };
		B16B8D931B90987300103062 /* main.m */ = {isa = PBXFileReference; lastKnownFileType = sourcecode.c.objc; path = main.m; sourceTree = "<group>"; };
		B16B8D951B90987300103062 /* AppDelegate.h */ = {isa = PBXFileReference; lastKnownFileType = sourcecode.c.h; path = AppDelegate.h; sourceTree = "<group>"; };
		B16B8D961B90987300103062 /* AppDelegate.m */ = {isa = PBXFileReference; lastKnownFileType = sourcecode.c.objc; path = AppDelegate.m; sourceTree = "<group>"; };
		B16B8D981B90987300103062 /* ViewController.h */ = {isa = PBXFileReference; lastKnownFileType = sourcecode.c.h; path = ViewController.h; sourceTree = "<group>"; };
		B16B8D991B90987300103062 /* ViewController.m */ = {isa = PBXFileReference; lastKnownFileType = sourcecode.c.objc; path = ViewController.m; sourceTree = "<group>"; };
		B16B8D9C1B90987300103062 /* Base */ = {isa = PBXFileReference; lastKnownFileType = file.storyboard; name = Base; path = Base.lproj/Main.storyboard; sourceTree = "<group>"; };
		B16B8D9E1B90987300103062 /* Assets.xcassets */ = {isa = PBXFileReference; lastKnownFileType = folder.assetcatalog; path = Assets.xcassets; sourceTree = "<group>"; };
		B16B8DA11B90987300103062 /* Base */ = {isa = PBXFileReference; lastKnownFileType = file.storyboard; name = Base; path = Base.lproj/LaunchScreen.storyboard; sourceTree = "<group>"; };
		B16B8DA31B90987300103062 /* Info.plist */ = {isa = PBXFileReference; lastKnownFileType = text.plist.xml; path = Info.plist; sourceTree = "<group>"; };
/* End PBXFileReference section */

/* Begin PBXFrameworksBuildPhase section */
		B16B8D8C1B90987300103062 /* Frameworks */ = {
			isa = PBXFrameworksBuildPhase;
			buildActionMask = 2147483647;
			files = (
			);
			runOnlyForDeploymentPostprocessing = 0;
		};
/* End PBXFrameworksBuildPhase section */

/* Begin PBXGroup section */
		B16B8D861B90987300103062 = {
			isa = PBXGroup;
			children = (
				B16B8D911B90987300103062 /* ListaContinentes */,
				B16B8D901B90987300103062 /* Products */,
			);
			sourceTree = "<group>";
		};
		B16B8D901B90987300103062 /* Products */ = {
			isa = PBXGroup;
			children = (
				B16B8D8F1B90987300103062 /* ListaContinentes.app */,
			);
			name = Products;
			sourceTree = "<group>";
		};
		B16B8D911B90987300103062 /* ListaContinentes */ = {
			isa = PBXGroup;
			children = (
				B16B8D951B90987300103062 /* AppDelegate.h */,
				B16B8D961B90987300103062 /* AppDelegate.m */,
				B16B8D981B90987300103062 /* ViewController.h */,
				B16B8D991B90987300103062 /* ViewController.m */,
				B16B8D9B1B90987300103062 /* Main.storyboard */,
				B16B8D9E1B90987300103062 /* Assets.xcassets */,
				B16B8DA01B90987300103062 /* LaunchScreen.storyboard */,
				B16B8DA31B90987300103062 /* Info.plist */,
				B16B8D921B90987300103062 /* Supporting Files */,
			);
			path = ListaContinentes;
			sourceTree = "<group>";
		};
		B16B8D921B90987300103062 /* Supporting Files */ = {
			isa = PBXGroup;
			children = (
				B16B8D931B90987300103062 /* main.m */,
			);
			name = "Supporting Files";
			sourceTree = "<group>";
		};
/* End PBXGroup section */

/* Begin PBXNativeTarget section */
		B16B8D8E1B90987300103062 /* ListaContinentes */ = {
			isa = PBXNativeTarget;
			buildConfigurationList = B16B8DA61B90987300103062 /* Build configuration list for PBXNativeTarget "ListaContinentes" */;
			buildPhases = (
				B16B8D8B1B90987300103062 /* Sources */,
				B16B8D8C1B90987300103062 /* Frameworks */,
				B16B8D8D1B90987300103062 /* Resources */,
			);
			buildRules = (
			);
			dependencies = (
			);
			name = ListaContinentes;
			productName = ListaContinentes;
			productReference = B16B8D8F1B90987300103062 /* ListaContinentes.app */;
			productType = "com.apple.product-type.application";
		};
/* End PBXNativeTarget section */

/* Begin PBXProject section */
		B16B8D871B90987300103062 /* Project object */ = {
			isa = PBXProject;
			attributes = {
				LastUpgradeCheck = 0700;
				ORGANIZATIONNAME = "Teobaldo Mauro de Moura";
				TargetAttributes = {
					B16B8D8E1B90987300103062 = {
						CreatedOnToolsVersion = 7.0;
						DevelopmentTeam = S5S8JD5V3E;
					};
				};
			};
			buildConfigurationList = B16B8D8A1B90987300103062 /* Build configuration list for PBXProject "ListaContinentes" */;
			compatibilityVersion = "Xcode 3.2";
			developmentRegion = English;
			hasScannedForEncodings = 0;
			knownRegions = (
				en,
				Base,
			);
			mainGroup = B16B8D861B90987300103062;
			productRefGroup = B16B8D901B90987300103062 /* Products */;
			projectDirPath = "";
			projectRoot = "";
			targets = (
				B16B8D8E1B90987300103062 /* ListaContinentes */,
			);
		};
/* End PBXProject section */

/* Begin PBXResourcesBuildPhase section */
		B16B8D8D1B90987300103062 /* Resources */ = {
			isa = PBXResourcesBuildPhase;
			buildActionMask = 2147483647;
			files = (
				B16B8DA21B90987300103062 /* LaunchScreen.storyboard in Resources */,
				B16B8D9F1B90987300103062 /* Assets.xcassets in Resources */,
				B16B8D9D1B90987300103062 /* Main.storyboard in Resources */,
			);
			runOnlyForDeploymentPostprocessing = 0;
		};
/* End PBXResourcesBuildPhase section */

/* Begin PBXSourcesBuildPhase section */
		B16B8D8B1B90987300103062 /* Sources */ = {
			isa = PBXSourcesBuildPhase;
			buildActionMask = 2147483647;
			files = (
				B16B8D9A1B90987300103062 /* ViewController.m in Sources */,
				B16B8D971B90987300103062 /* AppDelegate.m in Sources */,
				B16B8D941B90987300103062 /* main.m in Sources */,
			);
			runOnlyForDeploymentPostprocessing = 0;
		};
/* End PBXSourcesBuildPhase section */

/* Begin PBXVariantGroup section */
		B16B8D9B1B90987300103062 /* Main.storyboard */ = {
			isa = PBXVariantGroup;
			children = (
				B16B8D9C1B90987300103062 /* Base */,
			);
			name = Main.storyboard;
			sourceTree = "<group>";
		};
		B16B8DA01B90987300103062 /* LaunchScreen.storyboard */ = {
			isa = PBXVariantGroup;
			children = (
				B16B8DA11B90987300103062 /* Base */,
			);
			name = LaunchScreen.storyboard;
			sourceTree = "<group>";
		};
/* End PBXVariantGroup section */

/* Begin XCBuildConfiguration section */
		B16B8DA41B90987300103062 /* Debug */ = {
			isa = XCBuildConfiguration;
			buildSettings = {
				ALWAYS_SEARCH_USER_PATHS = NO;
				CLANG_CXX_LANGUAGE_STANDARD = "gnu++0x";
				CLANG_CXX_LIBRARY = "libc++";
				CLANG_ENABLE_MODULES = YES;
				CLANG_ENABLE_OBJC_ARC = YES;
				CLANG_WARN_BOOL_CONVERSION = YES;
				CLANG_WARN_CONSTANT_CONVERSION = YES;
				CLANG_WARN_DIRECT_OBJC_ISA_USAGE = YES_ERROR;
				CLANG_WARN_EMPTY_BODY = YES;
				CLANG_WARN_ENUM_CONVERSION = YES;
				CLANG_WARN_INT_CONVERSION = YES;
				CLANG_WARN_OBJC_ROOT_CLASS = YES_ERROR;
				CLANG_WARN_UNREACHABLE_CODE = YES;
				CLANG_WARN__DUPLICATE_METHOD_MATCH = YES;
				"CODE_SIGN_IDENTITY[sdk=iphoneos*]" = "iPhone Developer";
				COPY_PHASE_STRIP = NO;
				DEBUG_INFORMATION_FORMAT = dwarf;
				ENABLE_STRICT_OBJC_MSGSEND = YES;
				ENABLE_TESTABILITY = YES;
				GCC_C_LANGUAGE_STANDARD = gnu99;
				GCC_DYNAMIC_NO_PIC = NO;
				GCC_NO_COMMON_BLOCKS = YES;
				GCC_OPTIMIZATION_LEVEL = 0;
				GCC_PREPROCESSOR_DEFINITIONS = (
					"DEBUG=1",
					"$(inherited)",
				);
				GCC_WARN_64_TO_32_BIT_CONVERSION = YES;
				GCC_WARN_ABOUT_RETURN_TYPE = YES_ERROR;
				GCC_WARN_UNDECLARED_SELECTOR = YES;
				GCC_WARN_UNINITIALIZED_AUTOS = YES_AGGRESSIVE;
				GCC_WARN_UNUSED_FUNCTION = YES;
				GCC_WARN_UNUSED_VARIABLE = YES;
				IPHONEOS_DEPLOYMENT_TARGET = 9.0;
				MTL_ENABLE_DEBUG_INFO = YES;
				ONLY_ACTIVE_ARCH = YES;
				SDKROOT = iphoneos;
			};
			name = Debug;
		};
		B16B8DA51B90987300103062 /* Release */ = {
			isa = XCBuildConfiguration;
			buildSettings = {
				ALWAYS_SEARCH_USER_PATHS = NO;
				CLANG_CXX_LANGUAGE_STANDARD = "gnu++0x";
				CLANG_CXX_LIBRARY = "libc++";
				CLANG_ENABLE_MODULES = YES;
				CLANG_ENABLE_OBJC_ARC = YES;
				CLANG_WARN_BOOL_CONVERSION = YES;
				CLANG_WARN_CONSTANT_CONVERSION = YES;
				CLANG_WARN_DIRECT_OBJC_ISA_USAGE = YES_ERROR;
				CLANG_WARN_EMPTY_BODY = YES;
				CLANG_WARN_ENUM_CONVERSION = YES;
				CLANG_WARN_INT_CONVERSION = YES;
				CLANG_WARN_OBJC_ROOT_CLASS = YES_ERROR;
				CLANG_WARN_UNREACHABLE_CODE = YES;
				CLANG_WARN__DUPLICATE_METHOD_MATCH = YES;
				"CODE_SIGN_IDENTITY[sdk=iphoneos*]" = "iPhone Developer";
				COPY_PHASE_STRIP = NO;
				DEBUG_INFORMATION_FORMAT = "dwarf-with-dsym";
				ENABLE_NS_ASSERTIONS = NO;
				ENABLE_STRICT_OBJC_MSGSEND = YES;
				GCC_C_LANGUAGE_STANDARD = gnu99;
				GCC_NO_COMMON_BLOCKS = YES;
				GCC_WARN_64_TO_32_BIT_CONVERSION = YES;
				GCC_WARN_ABOUT_RETURN_TYPE = YES_ERROR;
				GCC_WARN_UNDECLARED_SELECTOR = YES;
				GCC_WARN_UNINITIALIZED_AUTOS = YES_AGGRESSIVE;
				GCC_WARN_UNUSED_FUNCTION = YES;
				GCC_WARN_UNUSED_VARIABLE = YES;
				IPHONEOS_DEPLOYMENT_TARGET = 9.0;
				MTL_ENABLE_DEBUG_INFO = NO;
				SDKROOT = iphoneos;
				VALIDATE_PRODUCT = YES;
			};
			name = Release;
		};
		B16B8DA71B90987300103062 /* Debug */ = {
			isa = XCBuildConfiguration;
			buildSettings = {
				ASSETCATALOG_COMPILER_APPICON_NAME = AppIcon;
				INFOPLIST_FILE = ListaContinentes/Info.plist;
				LD_RUNPATH_SEARCH_PATHS = "$(inherited) @executable_path/Frameworks";
				PRODUCT_BUNDLE_IDENTIFIER = br.com.quaddro.ListaContinentes;
				PRODUCT_NAME = "$(TARGET_NAME)";
			};
			name = Debug;
		};
		B16B8DA81B90987300103062 /* Release */ = {
			isa = XCBuildConfiguration;
			buildSettings = {
				ASSETCATALOG_COMPILER_APPICON_NAME = AppIcon;
				INFOPLIST_FILE = ListaContinentes/Info.plist;
				LD_RUNPATH_SEARCH_PATHS = "$(inherited) @executable_path/Frameworks";
				PRODUCT_BUNDLE_IDENTIFIER = br.com.quaddro.ListaContinentes;
				PRODUCT_NAME = "$(TARGET_NAME)";
			};
			name = Release;
		};
/* End XCBuildConfiguration section */

/* Begin XCConfigurationList section */
		B16B8D8A1B90987300103062 /* Build configuration list for PBXProject "ListaContinentes" */ = {
			isa = XCConfigurationList;
			buildConfigurations = (
				B16B8DA41B90987300103062 /* Debug */,
				B16B8DA51B90987300103062 /* Release */,
			);
			defaultConfigurationIsVisible = 0;
			defaultConfigurationName = Release;
		};
		B16B8DA61B90987300103062 /* Build configuration list for PBXNativeTarget "ListaContinentes" */ = {
			isa = XCConfigurationList;
			buildConfigurations = (
				B16B8DA71B90987300103062 /* Debug */,
				B16B8DA81B90987300103062 /* Release */,
			);
			defaultConfigurationIsVisible = 0;
		};
/* End XCConfigurationList section */
	};
	rootObject = B16B8D871B90987300103062 /* Project object */;
}
