// !$*UTF8*$!
{
	archiveVersion = 1;
	classes = {
	};
	objectVersion = 46;
	objects = {

/* Begin PBXBuildFile section */
		B13FA8BA1B9F1A8500B73FFC /* main.m in Sources */ = {isa = PBXBuildFile; fileRef = B13FA8B91B9F1A8500B73FFC /* main.m */; };
		B13FA8BD1B9F1A8500B73FFC /* AppDelegate.m in Sources */ = {isa = PBXBuildFile; fileRef = B13FA8BC1B9F1A8500B73FFC /* AppDelegate.m */; };
		B13FA8C01B9F1A8500B73FFC /* ViewController.m in Sources */ = {isa = PBXBuildFile; fileRef = B13FA8BF1B9F1A8500B73FFC /* ViewController.m */; };
		B13FA8C31B9F1A8500B73FFC /* Main.storyboard in Resources */ = {isa = PBXBuildFile; fileRef = B13FA8C11B9F1A8500B73FFC /* Main.storyboard */; };
		B13FA8C51B9F1A8500B73FFC /* Assets.xcassets in Resources */ = {isa = PBXBuildFile; fileRef = B13FA8C41B9F1A8500B73FFC /* Assets.xcassets */; };
		B13FA8C81B9F1A8500B73FFC /* LaunchScreen.storyboard in Resources */ = {isa = PBXBuildFile; fileRef = B13FA8C61B9F1A8500B73FFC /* LaunchScreen.storyboard */; };
/* End PBXBuildFile section */

/* Begin PBXFileReference section */
		B13FA8B51B9F1A8500B73FFC /* JSON.app */ = {isa = PBXFileReference; explicitFileType = wrapper.application; includeInIndex = 0; path = JSON.app; sourceTree = BUILT_PRODUCTS_DIR; };
		B13FA8B91B9F1A8500B73FFC /* main.m */ = {isa = PBXFileReference; lastKnownFileType = sourcecode.c.objc; path = main.m; sourceTree = "<group>"; };
		B13FA8BB1B9F1A8500B73FFC /* AppDelegate.h */ = {isa = PBXFileReference; lastKnownFileType = sourcecode.c.h; path = AppDelegate.h; sourceTree = "<group>"; };
		B13FA8BC1B9F1A8500B73FFC /* AppDelegate.m */ = {isa = PBXFileReference; lastKnownFileType = sourcecode.c.objc; path = AppDelegate.m; sourceTree = "<group>"; };
		B13FA8BE1B9F1A8500B73FFC /* ViewController.h */ = {isa = PBXFileReference; lastKnownFileType = sourcecode.c.h; path = ViewController.h; sourceTree = "<group>"; };
		B13FA8BF1B9F1A8500B73FFC /* ViewController.m */ = {isa = PBXFileReference; lastKnownFileType = sourcecode.c.objc; path = ViewController.m; sourceTree = "<group>"; };
		B13FA8C21B9F1A8500B73FFC /* Base */ = {isa = PBXFileReference; lastKnownFileType = file.storyboard; name = Base; path = Base.lproj/Main.storyboard; sourceTree = "<group>"; };
		B13FA8C41B9F1A8500B73FFC /* Assets.xcassets */ = {isa = PBXFileReference; lastKnownFileType = folder.assetcatalog; path = Assets.xcassets; sourceTree = "<group>"; };
		B13FA8C71B9F1A8500B73FFC /* Base */ = {isa = PBXFileReference; lastKnownFileType = file.storyboard; name = Base; path = Base.lproj/LaunchScreen.storyboard; sourceTree = "<group>"; };
		B13FA8C91B9F1A8500B73FFC /* Info.plist */ = {isa = PBXFileReference; lastKnownFileType = text.plist.xml; path = Info.plist; sourceTree = "<group>"; };
/* End PBXFileReference section */

/* Begin PBXFrameworksBuildPhase section */
		B13FA8B21B9F1A8500B73FFC /* Frameworks */ = {
			isa = PBXFrameworksBuildPhase;
			buildActionMask = 2147483647;
			files = (
			);
			runOnlyForDeploymentPostprocessing = 0;
		};
/* End PBXFrameworksBuildPhase section */

/* Begin PBXGroup section */
		B13FA8AC1B9F1A8500B73FFC = {
			isa = PBXGroup;
			children = (
				B13FA8B71B9F1A8500B73FFC /* JSON */,
				B13FA8B61B9F1A8500B73FFC /* Products */,
			);
			sourceTree = "<group>";
		};
		B13FA8B61B9F1A8500B73FFC /* Products */ = {
			isa = PBXGroup;
			children = (
				B13FA8B51B9F1A8500B73FFC /* JSON.app */,
			);
			name = Products;
			sourceTree = "<group>";
		};
		B13FA8B71B9F1A8500B73FFC /* JSON */ = {
			isa = PBXGroup;
			children = (
				B13FA8BB1B9F1A8500B73FFC /* AppDelegate.h */,
				B13FA8BC1B9F1A8500B73FFC /* AppDelegate.m */,
				B13FA8BE1B9F1A8500B73FFC /* ViewController.h */,
				B13FA8BF1B9F1A8500B73FFC /* ViewController.m */,
				B13FA8C11B9F1A8500B73FFC /* Main.storyboard */,
				B13FA8C41B9F1A8500B73FFC /* Assets.xcassets */,
				B13FA8C61B9F1A8500B73FFC /* LaunchScreen.storyboard */,
				B13FA8C91B9F1A8500B73FFC /* Info.plist */,
				B13FA8B81B9F1A8500B73FFC /* Supporting Files */,
			);
			path = JSON;
			sourceTree = "<group>";
		};
		B13FA8B81B9F1A8500B73FFC /* Supporting Files */ = {
			isa = PBXGroup;
			children = (
				B13FA8B91B9F1A8500B73FFC /* main.m */,
			);
			name = "Supporting Files";
			sourceTree = "<group>";
		};
/* End PBXGroup section */

/* Begin PBXNativeTarget section */
		B13FA8B41B9F1A8500B73FFC /* JSON */ = {
			isa = PBXNativeTarget;
			buildConfigurationList = B13FA8CC1B9F1A8500B73FFC /* Build configuration list for PBXNativeTarget "JSON" */;
			buildPhases = (
				B13FA8B11B9F1A8500B73FFC /* Sources */,
				B13FA8B21B9F1A8500B73FFC /* Frameworks */,
				B13FA8B31B9F1A8500B73FFC /* Resources */,
			);
			buildRules = (
			);
			dependencies = (
			);
			name = JSON;
			productName = JSON;
			productReference = B13FA8B51B9F1A8500B73FFC /* JSON.app */;
			productType = "com.apple.product-type.application";
		};
/* End PBXNativeTarget section */

/* Begin PBXProject section */
		B13FA8AD1B9F1A8500B73FFC /* Project object */ = {
			isa = PBXProject;
			attributes = {
				LastUpgradeCheck = 0700;
				ORGANIZATIONNAME = "Teobaldo Mauro de Moura";
				TargetAttributes = {
					B13FA8B41B9F1A8500B73FFC = {
						CreatedOnToolsVersion = 7.0;
						DevelopmentTeam = S5S8JD5V3E;
					};
				};
			};
			buildConfigurationList = B13FA8B01B9F1A8500B73FFC /* Build configuration list for PBXProject "JSON" */;
			compatibilityVersion = "Xcode 3.2";
			developmentRegion = English;
			hasScannedForEncodings = 0;
			knownRegions = (
				en,
				Base,
			);
			mainGroup = B13FA8AC1B9F1A8500B73FFC;
			productRefGroup = B13FA8B61B9F1A8500B73FFC /* Products */;
			projectDirPath = "";
			projectRoot = "";
			targets = (
				B13FA8B41B9F1A8500B73FFC /* JSON */,
			);
		};
/* End PBXProject section */

/* Begin PBXResourcesBuildPhase section */
		B13FA8B31B9F1A8500B73FFC /* Resources */ = {
			isa = PBXResourcesBuildPhase;
			buildActionMask = 2147483647;
			files = (
				B13FA8C81B9F1A8500B73FFC /* LaunchScreen.storyboard in Resources */,
				B13FA8C51B9F1A8500B73FFC /* Assets.xcassets in Resources */,
				B13FA8C31B9F1A8500B73FFC /* Main.storyboard in Resources */,
			);
			runOnlyForDeploymentPostprocessing = 0;
		};
/* End PBXResourcesBuildPhase section */

/* Begin PBXSourcesBuildPhase section */
		B13FA8B11B9F1A8500B73FFC /* Sources */ = {
			isa = PBXSourcesBuildPhase;
			buildActionMask = 2147483647;
			files = (
				B13FA8C01B9F1A8500B73FFC /* ViewController.m in Sources */,
				B13FA8BD1B9F1A8500B73FFC /* AppDelegate.m in Sources */,
				B13FA8BA1B9F1A8500B73FFC /* main.m in Sources */,
			);
			runOnlyForDeploymentPostprocessing = 0;
		};
/* End PBXSourcesBuildPhase section */

/* Begin PBXVariantGroup section */
		B13FA8C11B9F1A8500B73FFC /* Main.storyboard */ = {
			isa = PBXVariantGroup;
			children = (
				B13FA8C21B9F1A8500B73FFC /* Base */,
			);
			name = Main.storyboard;
			sourceTree = "<group>";
		};
		B13FA8C61B9F1A8500B73FFC /* LaunchScreen.storyboard */ = {
			isa = PBXVariantGroup;
			children = (
				B13FA8C71B9F1A8500B73FFC /* Base */,
			);
			name = LaunchScreen.storyboard;
			sourceTree = "<group>";
		};
/* End PBXVariantGroup section */

/* Begin XCBuildConfiguration section */
		B13FA8CA1B9F1A8500B73FFC /* Debug */ = {
			isa = XCBuildConfiguration;
			buildSettings = {
				ALWAYS_SEARCH_USER_PATHS = NO;
				CLANG_CXX_LANGUAGE_STANDARD = "gnu++0x";
				CLANG_CXX_LIBRARY = "libc++";
				CLANG_ENABLE_MODULES = YES;
				CLANG_ENABLE_OBJC_ARC = YES;
				CLANG_WARN_BOOL_CONVERSION = YES;
				CLANG_WARN_CONSTANT_CONVERSION = YES;
				CLANG_WARN_DIRECT_OBJC_ISA_USAGE = YES_ERROR;
				CLANG_WARN_EMPTY_BODY = YES;
				CLANG_WARN_ENUM_CONVERSION = YES;
				CLANG_WARN_INT_CONVERSION = YES;
				CLANG_WARN_OBJC_ROOT_CLASS = YES_ERROR;
				CLANG_WARN_UNREACHABLE_CODE = YES;
				CLANG_WARN__DUPLICATE_METHOD_MATCH = YES;
				"CODE_SIGN_IDENTITY[sdk=iphoneos*]" = "iPhone Developer";
				COPY_PHASE_STRIP = NO;
				DEBUG_INFORMATION_FORMAT = dwarf;
				ENABLE_STRICT_OBJC_MSGSEND = YES;
				ENABLE_TESTABILITY = YES;
				GCC_C_LANGUAGE_STANDARD = gnu99;
				GCC_DYNAMIC_NO_PIC = NO;
				GCC_NO_COMMON_BLOCKS = YES;
				GCC_OPTIMIZATION_LEVEL = 0;
				GCC_PREPROCESSOR_DEFINITIONS = (
					"DEBUG=1",
					"$(inherited)",
				);
				GCC_WARN_64_TO_32_BIT_CONVERSION = YES;
				GCC_WARN_ABOUT_RETURN_TYPE = YES_ERROR;
				GCC_WARN_UNDECLARED_SELECTOR = YES;
				GCC_WARN_UNINITIALIZED_AUTOS = YES_AGGRESSIVE;
				GCC_WARN_UNUSED_FUNCTION = YES;
				GCC_WARN_UNUSED_VARIABLE = YES;
				IPHONEOS_DEPLOYMENT_TARGET = 9.0;
				MTL_ENABLE_DEBUG_INFO = YES;
				ONLY_ACTIVE_ARCH = YES;
				SDKROOT = iphoneos;
			};
			name = Debug;
		};
		B13FA8CB1B9F1A8500B73FFC /* Release */ = {
			isa = XCBuildConfiguration;
			buildSettings = {
				ALWAYS_SEARCH_USER_PATHS = NO;
				CLANG_CXX_LANGUAGE_STANDARD = "gnu++0x";
				CLANG_CXX_LIBRARY = "libc++";
				CLANG_ENABLE_MODULES = YES;
				CLANG_ENABLE_OBJC_ARC = YES;
				CLANG_WARN_BOOL_CONVERSION = YES;
				CLANG_WARN_CONSTANT_CONVERSION = YES;
				CLANG_WARN_DIRECT_OBJC_ISA_USAGE = YES_ERROR;
				CLANG_WARN_EMPTY_BODY = YES;
				CLANG_WARN_ENUM_CONVERSION = YES;
				CLANG_WARN_INT_CONVERSION = YES;
				CLANG_WARN_OBJC_ROOT_CLASS = YES_ERROR;
				CLANG_WARN_UNREACHABLE_CODE = YES;
				CLANG_WARN__DUPLICATE_METHOD_MATCH = YES;
				"CODE_SIGN_IDENTITY[sdk=iphoneos*]" = "iPhone Developer";
				COPY_PHASE_STRIP = NO;
				DEBUG_INFORMATION_FORMAT = "dwarf-with-dsym";
				ENABLE_NS_ASSERTIONS = NO;
				ENABLE_STRICT_OBJC_MSGSEND = YES;
				GCC_C_LANGUAGE_STANDARD = gnu99;
				GCC_NO_COMMON_BLOCKS = YES;
				GCC_WARN_64_TO_32_BIT_CONVERSION = YES;
				GCC_WARN_ABOUT_RETURN_TYPE = YES_ERROR;
				GCC_WARN_UNDECLARED_SELECTOR = YES;
				GCC_WARN_UNINITIALIZED_AUTOS = YES_AGGRESSIVE;
				GCC_WARN_UNUSED_FUNCTION = YES;
				GCC_WARN_UNUSED_VARIABLE = YES;
				IPHONEOS_DEPLOYMENT_TARGET = 9.0;
				MTL_ENABLE_DEBUG_INFO = NO;
				SDKROOT = iphoneos;
				VALIDATE_PRODUCT = YES;
			};
			name = Release;
		};
		B13FA8CD1B9F1A8500B73FFC /* Debug */ = {
			isa = XCBuildConfiguration;
			buildSettings = {
				ASSETCATALOG_COMPILER_APPICON_NAME = AppIcon;
				INFOPLIST_FILE = JSON/Info.plist;
				LD_RUNPATH_SEARCH_PATHS = "$(inherited) @executable_path/Frameworks";
				PRODUCT_BUNDLE_IDENTIFIER = br.com.quaddro.JSON;
				PRODUCT_NAME = "$(TARGET_NAME)";
			};
			name = Debug;
		};
		B13FA8CE1B9F1A8500B73FFC /* Release */ = {
			isa = XCBuildConfiguration;
			buildSettings = {
				ASSETCATALOG_COMPILER_APPICON_NAME = AppIcon;
				INFOPLIST_FILE = JSON/Info.plist;
				LD_RUNPATH_SEARCH_PATHS = "$(inherited) @executable_path/Frameworks";
				PRODUCT_BUNDLE_IDENTIFIER = br.com.quaddro.JSON;
				PRODUCT_NAME = "$(TARGET_NAME)";
			};
			name = Release;
		};
/* End XCBuildConfiguration section */

/* Begin XCConfigurationList section */
		B13FA8B01B9F1A8500B73FFC /* Build configuration list for PBXProject "JSON" */ = {
			isa = XCConfigurationList;
			buildConfigurations = (
				B13FA8CA1B9F1A8500B73FFC /* Debug */,
				B13FA8CB1B9F1A8500B73FFC /* Release */,
			);
			defaultConfigurationIsVisible = 0;
			defaultConfigurationName = Release;
		};
		B13FA8CC1B9F1A8500B73FFC /* Build configuration list for PBXNativeTarget "JSON" */ = {
			isa = XCConfigurationList;
			buildConfigurations = (
				B13FA8CD1B9F1A8500B73FFC /* Debug */,
				B13FA8CE1B9F1A8500B73FFC /* Release */,
			);
			defaultConfigurationIsVisible = 0;
		};
/* End XCConfigurationList section */
	};
	rootObject = B13FA8AD1B9F1A8500B73FFC /* Project object */;
}
