// !$*UTF8*$!
{
	archiveVersion = 1;
	classes = {
	};
	objectVersion = 46;
	objects = {

/* Begin PBXBuildFile section */
		B14717401BA9963E0004ADD4 /* main.m in Sources */ = {isa = PBXBuildFile; fileRef = B147173F1BA9963E0004ADD4 /* main.m */; };
		B14717431BA9963E0004ADD4 /* AppDelegate.m in Sources */ = {isa = PBXBuildFile; fileRef = B14717421BA9963E0004ADD4 /* AppDelegate.m */; };
		B14717461BA9963E0004ADD4 /* ViewController.m in Sources */ = {isa = PBXBuildFile; fileRef = B14717451BA9963E0004ADD4 /* ViewController.m */; };
		B14717491BA9963E0004ADD4 /* Main.storyboard in Resources */ = {isa = PBXBuildFile; fileRef = B14717471BA9963E0004ADD4 /* Main.storyboard */; };
		B147174B1BA9963E0004ADD4 /* Assets.xcassets in Resources */ = {isa = PBXBuildFile; fileRef = B147174A1BA9963E0004ADD4 /* Assets.xcassets */; };
		B147174E1BA9963E0004ADD4 /* LaunchScreen.storyboard in Resources */ = {isa = PBXBuildFile; fileRef = B147174C1BA9963E0004ADD4 /* LaunchScreen.storyboard */; };
		B14717581BA997630004ADD4 /* Fabric.framework in Frameworks */ = {isa = PBXBuildFile; fileRef = B14717561BA997630004ADD4 /* Fabric.framework */; settings = {ASSET_TAGS = (); }; };
		B14717591BA997630004ADD4 /* Crashlytics.framework in Frameworks */ = {isa = PBXBuildFile; fileRef = B14717571BA997630004ADD4 /* Crashlytics.framework */; settings = {ASSET_TAGS = (); }; };
		B147175D1BA998020004ADD4 /* DigitsKit.framework in Frameworks */ = {isa = PBXBuildFile; fileRef = B147175A1BA998020004ADD4 /* DigitsKit.framework */; settings = {ASSET_TAGS = (); }; };
		B147175E1BA998020004ADD4 /* DigitsKitResources.bundle in Resources */ = {isa = PBXBuildFile; fileRef = B147175B1BA998020004ADD4 /* DigitsKitResources.bundle */; settings = {ASSET_TAGS = (); }; };
		B147175F1BA998020004ADD4 /* TwitterCore.framework in Frameworks */ = {isa = PBXBuildFile; fileRef = B147175C1BA998020004ADD4 /* TwitterCore.framework */; settings = {ASSET_TAGS = (); }; };
/* End PBXBuildFile section */

/* Begin PBXFileReference section */
		B147173B1BA9963E0004ADD4 /* Fabricando.app */ = {isa = PBXFileReference; explicitFileType = wrapper.application; includeInIndex = 0; path = Fabricando.app; sourceTree = BUILT_PRODUCTS_DIR; };
		B147173F1BA9963E0004ADD4 /* main.m */ = {isa = PBXFileReference; lastKnownFileType = sourcecode.c.objc; path = main.m; sourceTree = "<group>"; };
		B14717411BA9963E0004ADD4 /* AppDelegate.h */ = {isa = PBXFileReference; lastKnownFileType = sourcecode.c.h; path = AppDelegate.h; sourceTree = "<group>"; };
		B14717421BA9963E0004ADD4 /* AppDelegate.m */ = {isa = PBXFileReference; lastKnownFileType = sourcecode.c.objc; path = AppDelegate.m; sourceTree = "<group>"; };
		B14717441BA9963E0004ADD4 /* ViewController.h */ = {isa = PBXFileReference; lastKnownFileType = sourcecode.c.h; path = ViewController.h; sourceTree = "<group>"; };
		B14717451BA9963E0004ADD4 /* ViewController.m */ = {isa = PBXFileReference; lastKnownFileType = sourcecode.c.objc; path = ViewController.m; sourceTree = "<group>"; };
		B14717481BA9963E0004ADD4 /* Base */ = {isa = PBXFileReference; lastKnownFileType = file.storyboard; name = Base; path = Base.lproj/Main.storyboard; sourceTree = "<group>"; };
		B147174A1BA9963E0004ADD4 /* Assets.xcassets */ = {isa = PBXFileReference; lastKnownFileType = folder.assetcatalog; path = Assets.xcassets; sourceTree = "<group>"; };
		B147174D1BA9963E0004ADD4 /* Base */ = {isa = PBXFileReference; lastKnownFileType = file.storyboard; name = Base; path = Base.lproj/LaunchScreen.storyboard; sourceTree = "<group>"; };
		B147174F1BA9963E0004ADD4 /* Info.plist */ = {isa = PBXFileReference; lastKnownFileType = text.plist.xml; path = Info.plist; sourceTree = "<group>"; };
		B14717561BA997630004ADD4 /* Fabric.framework */ = {isa = PBXFileReference; lastKnownFileType = wrapper.framework; path = Fabric.framework; sourceTree = "<group>"; };
		B14717571BA997630004ADD4 /* Crashlytics.framework */ = {isa = PBXFileReference; lastKnownFileType = wrapper.framework; path = Crashlytics.framework; sourceTree = "<group>"; };
		B147175A1BA998020004ADD4 /* DigitsKit.framework */ = {isa = PBXFileReference; lastKnownFileType = wrapper.framework; path = DigitsKit.framework; sourceTree = "<group>"; };
		B147175B1BA998020004ADD4 /* DigitsKitResources.bundle */ = {isa = PBXFileReference; lastKnownFileType = "wrapper.plug-in"; name = DigitsKitResources.bundle; path = DigitsKit.framework/Versions/A/Resources/DigitsKitResources.bundle; sourceTree = "<group>"; };
		B147175C1BA998020004ADD4 /* TwitterCore.framework */ = {isa = PBXFileReference; lastKnownFileType = wrapper.framework; path = TwitterCore.framework; sourceTree = "<group>"; };
/* End PBXFileReference section */

/* Begin PBXFrameworksBuildPhase section */
		B14717381BA9963E0004ADD4 /* Frameworks */ = {
			isa = PBXFrameworksBuildPhase;
			buildActionMask = 2147483647;
			files = (
				B147175D1BA998020004ADD4 /* DigitsKit.framework in Frameworks */,
				B147175F1BA998020004ADD4 /* TwitterCore.framework in Frameworks */,
				B14717591BA997630004ADD4 /* Crashlytics.framework in Frameworks */,
				B14717581BA997630004ADD4 /* Fabric.framework in Frameworks */,
			);
			runOnlyForDeploymentPostprocessing = 0;
		};
/* End PBXFrameworksBuildPhase section */

/* Begin PBXGroup section */
		B14717321BA9963E0004ADD4 = {
			isa = PBXGroup;
			children = (
				B147175A1BA998020004ADD4 /* DigitsKit.framework */,
				B147175B1BA998020004ADD4 /* DigitsKitResources.bundle */,
				B147175C1BA998020004ADD4 /* TwitterCore.framework */,
				B14717561BA997630004ADD4 /* Fabric.framework */,
				B14717571BA997630004ADD4 /* Crashlytics.framework */,
				B147173D1BA9963E0004ADD4 /* Fabricando */,
				B147173C1BA9963E0004ADD4 /* Products */,
			);
			sourceTree = "<group>";
		};
		B147173C1BA9963E0004ADD4 /* Products */ = {
			isa = PBXGroup;
			children = (
				B147173B1BA9963E0004ADD4 /* Fabricando.app */,
			);
			name = Products;
			sourceTree = "<group>";
		};
		B147173D1BA9963E0004ADD4 /* Fabricando */ = {
			isa = PBXGroup;
			children = (
				B14717411BA9963E0004ADD4 /* AppDelegate.h */,
				B14717421BA9963E0004ADD4 /* AppDelegate.m */,
				B14717441BA9963E0004ADD4 /* ViewController.h */,
				B14717451BA9963E0004ADD4 /* ViewController.m */,
				B14717471BA9963E0004ADD4 /* Main.storyboard */,
				B147174A1BA9963E0004ADD4 /* Assets.xcassets */,
				B147174C1BA9963E0004ADD4 /* LaunchScreen.storyboard */,
				B147174F1BA9963E0004ADD4 /* Info.plist */,
				B147173E1BA9963E0004ADD4 /* Supporting Files */,
			);
			path = Fabricando;
			sourceTree = "<group>";
		};
		B147173E1BA9963E0004ADD4 /* Supporting Files */ = {
			isa = PBXGroup;
			children = (
				B147173F1BA9963E0004ADD4 /* main.m */,
			);
			name = "Supporting Files";
			sourceTree = "<group>";
		};
/* End PBXGroup section */

/* Begin PBXNativeTarget section */
		B147173A1BA9963E0004ADD4 /* Fabricando */ = {
			isa = PBXNativeTarget;
			buildConfigurationList = B14717521BA9963E0004ADD4 /* Build configuration list for PBXNativeTarget "Fabricando" */;
			buildPhases = (
				B14717371BA9963E0004ADD4 /* Sources */,
				B14717381BA9963E0004ADD4 /* Frameworks */,
				B14717391BA9963E0004ADD4 /* Resources */,
				B14717551BA997150004ADD4 /* ShellScript */,
			);
			buildRules = (
			);
			dependencies = (
			);
			name = Fabricando;
			productName = Fabricando;
			productReference = B147173B1BA9963E0004ADD4 /* Fabricando.app */;
			productType = "com.apple.product-type.application";
		};
/* End PBXNativeTarget section */

/* Begin PBXProject section */
		B14717331BA9963E0004ADD4 /* Project object */ = {
			isa = PBXProject;
			attributes = {
				LastUpgradeCheck = 0700;
				ORGANIZATIONNAME = "Teobaldo Mauro de Moura";
				TargetAttributes = {
					B147173A1BA9963E0004ADD4 = {
						CreatedOnToolsVersion = 7.0;
						DevelopmentTeam = S5S8JD5V3E;
					};
				};
			};
			buildConfigurationList = B14717361BA9963E0004ADD4 /* Build configuration list for PBXProject "Fabricando" */;
			compatibilityVersion = "Xcode 3.2";
			developmentRegion = English;
			hasScannedForEncodings = 0;
			knownRegions = (
				en,
				Base,
			);
			mainGroup = B14717321BA9963E0004ADD4;
			productRefGroup = B147173C1BA9963E0004ADD4 /* Products */;
			projectDirPath = "";
			projectRoot = "";
			targets = (
				B147173A1BA9963E0004ADD4 /* Fabricando */,
			);
		};
/* End PBXProject section */

/* Begin PBXResourcesBuildPhase section */
		B14717391BA9963E0004ADD4 /* Resources */ = {
			isa = PBXResourcesBuildPhase;
			buildActionMask = 2147483647;
			files = (
				B147175E1BA998020004ADD4 /* DigitsKitResources.bundle in Resources */,
				B147174E1BA9963E0004ADD4 /* LaunchScreen.storyboard in Resources */,
				B147174B1BA9963E0004ADD4 /* Assets.xcassets in Resources */,
				B14717491BA9963E0004ADD4 /* Main.storyboard in Resources */,
			);
			runOnlyForDeploymentPostprocessing = 0;
		};
/* End PBXResourcesBuildPhase section */

/* Begin PBXShellScriptBuildPhase section */
		B14717551BA997150004ADD4 /* ShellScript */ = {
			isa = PBXShellScriptBuildPhase;
			buildActionMask = 2147483647;
			files = (
			);
			inputPaths = (
			);
			outputPaths = (
			);
			runOnlyForDeploymentPostprocessing = 0;
			shellPath = /bin/sh;
			shellScript = "./Fabric.framework/run e94bd5746d9a7f6dce7449d7601b761fa4814675 409a3d56c2b5bcf84d1247c7b6507122661c284d726d7eaef67afd47e1f2ace9\n";
		};
/* End PBXShellScriptBuildPhase section */

/* Begin PBXSourcesBuildPhase section */
		B14717371BA9963E0004ADD4 /* Sources */ = {
			isa = PBXSourcesBuildPhase;
			buildActionMask = 2147483647;
			files = (
				B14717461BA9963E0004ADD4 /* ViewController.m in Sources */,
				B14717431BA9963E0004ADD4 /* AppDelegate.m in Sources */,
				B14717401BA9963E0004ADD4 /* main.m in Sources */,
			);
			runOnlyForDeploymentPostprocessing = 0;
		};
/* End PBXSourcesBuildPhase section */

/* Begin PBXVariantGroup section */
		B14717471BA9963E0004ADD4 /* Main.storyboard */ = {
			isa = PBXVariantGroup;
			children = (
				B14717481BA9963E0004ADD4 /* Base */,
			);
			name = Main.storyboard;
			sourceTree = "<group>";
		};
		B147174C1BA9963E0004ADD4 /* LaunchScreen.storyboard */ = {
			isa = PBXVariantGroup;
			children = (
				B147174D1BA9963E0004ADD4 /* Base */,
			);
			name = LaunchScreen.storyboard;
			sourceTree = "<group>";
		};
/* End PBXVariantGroup section */

/* Begin XCBuildConfiguration section */
		B14717501BA9963E0004ADD4 /* Debug */ = {
			isa = XCBuildConfiguration;
			buildSettings = {
				ALWAYS_SEARCH_USER_PATHS = NO;
				CLANG_CXX_LANGUAGE_STANDARD = "gnu++0x";
				CLANG_CXX_LIBRARY = "libc++";
				CLANG_ENABLE_MODULES = YES;
				CLANG_ENABLE_OBJC_ARC = YES;
				CLANG_WARN_BOOL_CONVERSION = YES;
				CLANG_WARN_CONSTANT_CONVERSION = YES;
				CLANG_WARN_DIRECT_OBJC_ISA_USAGE = YES_ERROR;
				CLANG_WARN_EMPTY_BODY = YES;
				CLANG_WARN_ENUM_CONVERSION = YES;
				CLANG_WARN_INT_CONVERSION = YES;
				CLANG_WARN_OBJC_ROOT_CLASS = YES_ERROR;
				CLANG_WARN_UNREACHABLE_CODE = YES;
				CLANG_WARN__DUPLICATE_METHOD_MATCH = YES;
				"CODE_SIGN_IDENTITY[sdk=iphoneos*]" = "iPhone Developer";
				COPY_PHASE_STRIP = NO;
				DEBUG_INFORMATION_FORMAT = dwarf;
				ENABLE_STRICT_OBJC_MSGSEND = YES;
				ENABLE_TESTABILITY = YES;
				GCC_C_LANGUAGE_STANDARD = gnu99;
				GCC_DYNAMIC_NO_PIC = NO;
				GCC_NO_COMMON_BLOCKS = YES;
				GCC_OPTIMIZATION_LEVEL = 0;
				GCC_PREPROCESSOR_DEFINITIONS = (
					"DEBUG=1",
					"$(inherited)",
				);
				GCC_WARN_64_TO_32_BIT_CONVERSION = YES;
				GCC_WARN_ABOUT_RETURN_TYPE = YES_ERROR;
				GCC_WARN_UNDECLARED_SELECTOR = YES;
				GCC_WARN_UNINITIALIZED_AUTOS = YES_AGGRESSIVE;
				GCC_WARN_UNUSED_FUNCTION = YES;
				GCC_WARN_UNUSED_VARIABLE = YES;
				IPHONEOS_DEPLOYMENT_TARGET = 9.0;
				MTL_ENABLE_DEBUG_INFO = YES;
				ONLY_ACTIVE_ARCH = YES;
				SDKROOT = iphoneos;
				TARGETED_DEVICE_FAMILY = "1,2";
			};
			name = Debug;
		};
		B14717511BA9963E0004ADD4 /* Release */ = {
			isa = XCBuildConfiguration;
			buildSettings = {
				ALWAYS_SEARCH_USER_PATHS = NO;
				CLANG_CXX_LANGUAGE_STANDARD = "gnu++0x";
				CLANG_CXX_LIBRARY = "libc++";
				CLANG_ENABLE_MODULES = YES;
				CLANG_ENABLE_OBJC_ARC = YES;
				CLANG_WARN_BOOL_CONVERSION = YES;
				CLANG_WARN_CONSTANT_CONVERSION = YES;
				CLANG_WARN_DIRECT_OBJC_ISA_USAGE = YES_ERROR;
				CLANG_WARN_EMPTY_BODY = YES;
				CLANG_WARN_ENUM_CONVERSION = YES;
				CLANG_WARN_INT_CONVERSION = YES;
				CLANG_WARN_OBJC_ROOT_CLASS = YES_ERROR;
				CLANG_WARN_UNREACHABLE_CODE = YES;
				CLANG_WARN__DUPLICATE_METHOD_MATCH = YES;
				"CODE_SIGN_IDENTITY[sdk=iphoneos*]" = "iPhone Developer";
				COPY_PHASE_STRIP = NO;
				DEBUG_INFORMATION_FORMAT = "dwarf-with-dsym";
				ENABLE_NS_ASSERTIONS = NO;
				ENABLE_STRICT_OBJC_MSGSEND = YES;
				GCC_C_LANGUAGE_STANDARD = gnu99;
				GCC_NO_COMMON_BLOCKS = YES;
				GCC_WARN_64_TO_32_BIT_CONVERSION = YES;
				GCC_WARN_ABOUT_RETURN_TYPE = YES_ERROR;
				GCC_WARN_UNDECLARED_SELECTOR = YES;
				GCC_WARN_UNINITIALIZED_AUTOS = YES_AGGRESSIVE;
				GCC_WARN_UNUSED_FUNCTION = YES;
				GCC_WARN_UNUSED_VARIABLE = YES;
				IPHONEOS_DEPLOYMENT_TARGET = 9.0;
				MTL_ENABLE_DEBUG_INFO = NO;
				SDKROOT = iphoneos;
				TARGETED_DEVICE_FAMILY = "1,2";
				VALIDATE_PRODUCT = YES;
			};
			name = Release;
		};
		B14717531BA9963E0004ADD4 /* Debug */ = {
			isa = XCBuildConfiguration;
			buildSettings = {
				ASSETCATALOG_COMPILER_APPICON_NAME = AppIcon;
				FRAMEWORK_SEARCH_PATHS = (
					"$(inherited)",
					"$(PROJECT_DIR)",
				);
				INFOPLIST_FILE = Fabricando/Info.plist;
				LD_RUNPATH_SEARCH_PATHS = "$(inherited) @executable_path/Frameworks";
				PRODUCT_BUNDLE_IDENTIFIER = br.com.quaddro.Fabricando;
				PRODUCT_NAME = "$(TARGET_NAME)";
			};
			name = Debug;
		};
		B14717541BA9963E0004ADD4 /* Release */ = {
			isa = XCBuildConfiguration;
			buildSettings = {
				ASSETCATALOG_COMPILER_APPICON_NAME = AppIcon;
				FRAMEWORK_SEARCH_PATHS = (
					"$(inherited)",
					"$(PROJECT_DIR)",
				);
				INFOPLIST_FILE = Fabricando/Info.plist;
				LD_RUNPATH_SEARCH_PATHS = "$(inherited) @executable_path/Frameworks";
				PRODUCT_BUNDLE_IDENTIFIER = br.com.quaddro.Fabricando;
				PRODUCT_NAME = "$(TARGET_NAME)";
			};
			name = Release;
		};
/* End XCBuildConfiguration section */

/* Begin XCConfigurationList section */
		B14717361BA9963E0004ADD4 /* Build configuration list for PBXProject "Fabricando" */ = {
			isa = XCConfigurationList;
			buildConfigurations = (
				B14717501BA9963E0004ADD4 /* Debug */,
				B14717511BA9963E0004ADD4 /* Release */,
			);
			defaultConfigurationIsVisible = 0;
			defaultConfigurationName = Release;
		};
		B14717521BA9963E0004ADD4 /* Build configuration list for PBXNativeTarget "Fabricando" */ = {
			isa = XCConfigurationList;
			buildConfigurations = (
				B14717531BA9963E0004ADD4 /* Debug */,
				B14717541BA9963E0004ADD4 /* Release */,
			);
			defaultConfigurationIsVisible = 0;
		};
/* End XCConfigurationList section */
	};
	rootObject = B14717331BA9963E0004ADD4 /* Project object */;
}
